
Microsoft Visual Studio Solution File, Format Version 12.00
# Visual Studio Version 17
VisualStudioVersion = 17.5.33530.505
MinimumVisualStudioVersion = 10.0.40219.1
Project("{9A19103F-16F7-4668-BE54-9A1E7A4F7556}") = "RTFGeneratorLibrary", "RTFGeneratorLibrary\RTFGeneratorLibrary.csproj", "{3416DE1F-B056-444D-8B1B-19CDCE9F16E1}"
EndProject
Project("{FAE04EC0-301F-11D3-BF4B-00C04F79EFBC}") = "RTFGeneratorWinForms", "..\RTFGeneratorWinForms\RTFGeneratorWinForms.csproj", "{0226E568-96CB-4E0E-B343-B4B1C20C0A53}"
EndProject
Global
	GlobalSection(SolutionConfigurationPlatforms) = preSolution
		Debug|Any CPU = Debug|Any CPU
		Release|Any CPU = Release|Any CPU
	EndGlobalSection
	GlobalSection(ProjectConfigurationPlatforms) = postSolution
		{3416DE1F-B056-444D-8B1B-19CDCE9F16E1}.Debug|Any CPU.ActiveCfg = Debug|Any CPU
		{3416DE1F-B056-444D-8B1B-19CDCE9F16E1}.Debug|Any CPU.Build.0 = Debug|Any CPU
		{3416DE1F-B056-444D-8B1B-19CDCE9F16E1}.Release|Any CPU.ActiveCfg = Release|Any CPU
		{3416DE1F-B056-444D-8B1B-19CDCE9F16E1}.Release|Any CPU.Build.0 = Release|Any CPU
		{0226E568-96CB-4E0E-B343-B4B1C20C0A53}.Debug|Any CPU.ActiveCfg = Debug|Any CPU
		{0226E568-96CB-4E0E-B343-B4B1C20C0A53}.Debug|Any CPU.Build.0 = Debug|Any CPU
		{0226E568-96CB-4E0E-B343-B4B1C20C0A53}.Release|Any CPU.ActiveCfg = Release|Any CPU
		{0226E568-96CB-4E0E-B343-B4B1C20C0A53}.Release|Any CPU.Build.0 = Release|Any CPU
	EndGlobalSection
	GlobalSection(SolutionProperties) = preSolution
		HideSolutionNode = FALSE
	EndGlobalSection
	GlobalSection(ExtensibilityGlobals) = postSolution
		SolutionGuid = {E5326919-409A-4FFC-8FC8-52663A7533B0}
	EndGlobalSection
EndGlobal
